// !$*UTF8*$!
{
	archiveVersion = 1;
	classes = {
	};
	objectVersion = 46;
	objects = {

/* Begin PBXBuildFile section */
		932120A21F34B5FE00E8BE50 /* Authorization.storyboard in Resources */ = {isa = PBXBuildFile; fileRef = 932120A11F34B5FE00E8BE50 /* Authorization.storyboard */; };
		932120A81F34C48B00E8BE50 /* CreateCustomerViewController.swift in Sources */ = {isa = PBXBuildFile; fileRef = 932120A71F34C48B00E8BE50 /* CreateCustomerViewController.swift */; };
		93625AA91F6F1AFB00FB3323 /* UIImageExtension.swift in Sources */ = {isa = PBXBuildFile; fileRef = 93625AA81F6F1AFB00FB3323 /* UIImageExtension.swift */; };
		93625AAB1F6F1B0600FB3323 /* CGImageExtension.swift in Sources */ = {isa = PBXBuildFile; fileRef = 93625AAA1F6F1B0600FB3323 /* CGImageExtension.swift */; };
		93625AAF1F704F6D00FB3323 /* Assets.xcassets in Resources */ = {isa = PBXBuildFile; fileRef = 93625AAE1F704F6D00FB3323 /* Assets.xcassets */; };
		93625AB31F70641E00FB3323 /* UIViewExtension.swift in Sources */ = {isa = PBXBuildFile; fileRef = 93625AB21F70641E00FB3323 /* UIViewExtension.swift */; };
		9367F3711F4356CB00985E97 /* Location.swift in Sources */ = {isa = PBXBuildFile; fileRef = 9367F3701F4356CB00985E97 /* Location.swift */; };
		9367F3741F43621C00985E97 /* CustomerItemsChoosingViewController.swift in Sources */ = {isa = PBXBuildFile; fileRef = 9367F3731F43621C00985E97 /* CustomerItemsChoosingViewController.swift */; };
		9367F3761F44BB8300985E97 /* UIDeviceExtension.swift in Sources */ = {isa = PBXBuildFile; fileRef = 9367F3751F44BB8300985E97 /* UIDeviceExtension.swift */; };
		9367F3781F45F79D00985E97 /* ItemCard.swift in Sources */ = {isa = PBXBuildFile; fileRef = 9367F3771F45F79D00985E97 /* ItemCard.swift */; };
		9367F37A1F45F8C500985E97 /* ItemCardStore.swift in Sources */ = {isa = PBXBuildFile; fileRef = 9367F3791F45F8C500985E97 /* ItemCardStore.swift */; };
		9367F3801F48657E00985E97 /* OverlayView.xib in Resources */ = {isa = PBXBuildFile; fileRef = 9367F37F1F48657E00985E97 /* OverlayView.xib */; };
		9367F3821F4865D300985E97 /* CustomOverlayView.swift in Sources */ = {isa = PBXBuildFile; fileRef = 9367F3811F4865D300985E97 /* CustomOverlayView.swift */; };
		9367F3891F48896B00985E97 /* CardView.swift in Sources */ = {isa = PBXBuildFile; fileRef = 9367F3881F48896B00985E97 /* CardView.swift */; };
		9367F38D1F509FA500985E97 /* CustomerItemCell.swift in Sources */ = {isa = PBXBuildFile; fileRef = 9367F38C1F509FA500985E97 /* CustomerItemCell.swift */; };
		9367F38F1F50A04800985E97 /* CustomerUserGoodsTableViewController.swift in Sources */ = {isa = PBXBuildFile; fileRef = 9367F38E1F50A04800985E97 /* CustomerUserGoodsTableViewController.swift */; };
		937DE7A71F609F0900AFED6C /* Shop.swift in Sources */ = {isa = PBXBuildFile; fileRef = 937DE7A61F609F0900AFED6C /* Shop.swift */; };
		937DE7A91F61BC7000AFED6C /* CustomerProfileViewController.swift in Sources */ = {isa = PBXBuildFile; fileRef = 937DE7A81F61BC7000AFED6C /* CustomerProfileViewController.swift */; };
		937DE7AB1F6806D700AFED6C /* UIImageViewExtension.swift in Sources */ = {isa = PBXBuildFile; fileRef = 937DE7AA1F6806D700AFED6C /* UIImageViewExtension.swift */; };
		937DE7AD1F68833800AFED6C /* CustomStorage.swift in Sources */ = {isa = PBXBuildFile; fileRef = 937DE7AC1F68833800AFED6C /* CustomStorage.swift */; };
		937DE7AF1F68837B00AFED6C /* CustomStorageDelegate.swift in Sources */ = {isa = PBXBuildFile; fileRef = 937DE7AE1F68837B00AFED6C /* CustomStorageDelegate.swift */; };
		937DE7B31F688BEC00AFED6C /* Jsonable.swift in Sources */ = {isa = PBXBuildFile; fileRef = 937DE7B21F688BEC00AFED6C /* Jsonable.swift */; };
		937DE7B51F688C1500AFED6C /* Comparable.swift in Sources */ = {isa = PBXBuildFile; fileRef = 937DE7B41F688C1500AFED6C /* Comparable.swift */; };
		93ADFBA11F31DB0900692060 /* User.swift in Sources */ = {isa = PBXBuildFile; fileRef = 93ADFBA01F31DB0900692060 /* User.swift */; };
		93ADFBA31F31DB1F00692060 /* SellerUser.swift in Sources */ = {isa = PBXBuildFile; fileRef = 93ADFBA21F31DB1F00692060 /* SellerUser.swift */; };
		93ADFBA51F31DF0900692060 /* CustomerUser.swift in Sources */ = {isa = PBXBuildFile; fileRef = 93ADFBA41F31DF0900692060 /* CustomerUser.swift */; };
		93ADFBAE1F31ED3300692060 /* CustomResponse.swift in Sources */ = {isa = PBXBuildFile; fileRef = 93ADFBAD1F31ED3300692060 /* CustomResponse.swift */; };
		93ADFBB01F31FCF700692060 /* DataSource.swift in Sources */ = {isa = PBXBuildFile; fileRef = 93ADFBAF1F31FCF700692060 /* DataSource.swift */; };
		93ADFBB21F31FF4F00692060 /* LogInViewContoller.swift in Sources */ = {isa = PBXBuildFile; fileRef = 93ADFBB11F31FF4F00692060 /* LogInViewContoller.swift */; };
		93B068F61F289347001C995A /* AppDelegate.swift in Sources */ = {isa = PBXBuildFile; fileRef = 93B068F51F289347001C995A /* AppDelegate.swift */; };
		93B069001F289347001C995A /* LaunchScreen.storyboard in Resources */ = {isa = PBXBuildFile; fileRef = 93B068FE1F289347001C995A /* LaunchScreen.storyboard */; };
		93B069101F2B6695001C995A /* DataManager.swift in Sources */ = {isa = PBXBuildFile; fileRef = 93B0690F1F2B6695001C995A /* DataManager.swift */; };
		93BA11801F75C0A90001FD39 /* RoundedImageView.swift in Sources */ = {isa = PBXBuildFile; fileRef = 93BA117F1F75C0A90001FD39 /* RoundedImageView.swift */; };
		93BA11841F79C3210001FD39 /* BallClipAnimation.swift in Sources */ = {isa = PBXBuildFile; fileRef = 93BA11831F79C3210001FD39 /* BallClipAnimation.swift */; };
		93BA11861F79C45A0001FD39 /* AnimationView.swift in Sources */ = {isa = PBXBuildFile; fileRef = 93BA11851F79C45A0001FD39 /* AnimationView.swift */; };
		93BA11881F79C7600001FD39 /* LoadingHud.swift in Sources */ = {isa = PBXBuildFile; fileRef = 93BA11871F79C7600001FD39 /* LoadingHud.swift */; };
		93BA118E1F79CCBB0001FD39 /* CardView.xib in Resources */ = {isa = PBXBuildFile; fileRef = 93BA118D1F79CCBB0001FD39 /* CardView.xib */; };
		93BA11901F79CF3F0001FD39 /* CustomerInterface.storyboard in Resources */ = {isa = PBXBuildFile; fileRef = 93BA118F1F79CF3F0001FD39 /* CustomerInterface.storyboard */; };
		93CA25EC1F3B63D700D4B0B8 /* Item.swift in Sources */ = {isa = PBXBuildFile; fileRef = 93CA25EB1F3B63D700D4B0B8 /* Item.swift */; };
		93E22B601F8BF44D00865135 /* ModelEnums.swift in Sources */ = {isa = PBXBuildFile; fileRef = 93E22B5F1F8BF44D00865135 /* ModelEnums.swift */; };
		93E22B621F8BF96C00865135 /* DataSourceControls.swift in Sources */ = {isa = PBXBuildFile; fileRef = 93E22B611F8BF96C00865135 /* DataSourceControls.swift */; };
		93EC1A1F1F73296500D6C7D7 /* CustomerDetailInfoViewController.swift in Sources */ = {isa = PBXBuildFile; fileRef = 93EC1A1E1F73296500D6C7D7 /* CustomerDetailInfoViewController.swift */; };
		93EC1A211F74288700D6C7D7 /* StringExtension.swift in Sources */ = {isa = PBXBuildFile; fileRef = 93EC1A201F74288700D6C7D7 /* StringExtension.swift */; };
		93EC1A231F7485FD00D6C7D7 /* CustomTabBarController.swift in Sources */ = {isa = PBXBuildFile; fileRef = 93EC1A221F7485FD00D6C7D7 /* CustomTabBarController.swift */; };
		93EC1A251F74864800D6C7D7 /* CustomTabBar.swift in Sources */ = {isa = PBXBuildFile; fileRef = 93EC1A241F74864800D6C7D7 /* CustomTabBar.swift */; };
		93EC1A271F74866400D6C7D7 /* CustomTabBarItem.swift in Sources */ = {isa = PBXBuildFile; fileRef = 93EC1A261F74866400D6C7D7 /* CustomTabBarItem.swift */; };
		93EC1A291F75512D00D6C7D7 /* UIViewControllerExtension.swift in Sources */ = {isa = PBXBuildFile; fileRef = 93EC1A281F75512D00D6C7D7 /* UIViewControllerExtension.swift */; };
		DA530D4C9C8585017D72EE69 /* Pods_marketplace_navigator.framework in Frameworks */ = {isa = PBXBuildFile; fileRef = 5F3B769725F15EE3AE4E5190 /* Pods_marketplace_navigator.framework */; };
/* End PBXBuildFile section */

/* Begin PBXFileReference section */
		00C18AC5E390CF7D16F8D703 /* Pods-marketplace_navigator.debug.xcconfig */ = {isa = PBXFileReference; includeInIndex = 1; lastKnownFileType = text.xcconfig; name = "Pods-marketplace_navigator.debug.xcconfig"; path = "Pods/Target Support Files/Pods-marketplace_navigator/Pods-marketplace_navigator.debug.xcconfig"; sourceTree = "<group>"; };
		5F3B769725F15EE3AE4E5190 /* Pods_marketplace_navigator.framework */ = {isa = PBXFileReference; explicitFileType = wrapper.framework; includeInIndex = 0; path = Pods_marketplace_navigator.framework; sourceTree = BUILT_PRODUCTS_DIR; };
		932120A11F34B5FE00E8BE50 /* Authorization.storyboard */ = {isa = PBXFileReference; fileEncoding = 4; lastKnownFileType = file.storyboard; path = Authorization.storyboard; sourceTree = "<group>"; };
		932120A71F34C48B00E8BE50 /* CreateCustomerViewController.swift */ = {isa = PBXFileReference; fileEncoding = 4; lastKnownFileType = sourcecode.swift; path = CreateCustomerViewController.swift; sourceTree = "<group>"; };
		93625AA81F6F1AFB00FB3323 /* UIImageExtension.swift */ = {isa = PBXFileReference; fileEncoding = 4; lastKnownFileType = sourcecode.swift; path = UIImageExtension.swift; sourceTree = "<group>"; };
		93625AAA1F6F1B0600FB3323 /* CGImageExtension.swift */ = {isa = PBXFileReference; fileEncoding = 4; lastKnownFileType = sourcecode.swift; path = CGImageExtension.swift; sourceTree = "<group>"; };
		93625AAE1F704F6D00FB3323 /* Assets.xcassets */ = {isa = PBXFileReference; lastKnownFileType = folder.assetcatalog; path = Assets.xcassets; sourceTree = "<group>"; };
		93625AB21F70641E00FB3323 /* UIViewExtension.swift */ = {isa = PBXFileReference; fileEncoding = 4; lastKnownFileType = sourcecode.swift; path = UIViewExtension.swift; sourceTree = "<group>"; };
		9367F3701F4356CB00985E97 /* Location.swift */ = {isa = PBXFileReference; fileEncoding = 4; lastKnownFileType = sourcecode.swift; path = Location.swift; sourceTree = "<group>"; };
		9367F3731F43621C00985E97 /* CustomerItemsChoosingViewController.swift */ = {isa = PBXFileReference; fileEncoding = 4; lastKnownFileType = sourcecode.swift; path = CustomerItemsChoosingViewController.swift; sourceTree = "<group>"; };
		9367F3751F44BB8300985E97 /* UIDeviceExtension.swift */ = {isa = PBXFileReference; fileEncoding = 4; lastKnownFileType = sourcecode.swift; path = UIDeviceExtension.swift; sourceTree = "<group>"; };
		9367F3771F45F79D00985E97 /* ItemCard.swift */ = {isa = PBXFileReference; fileEncoding = 4; lastKnownFileType = sourcecode.swift; path = ItemCard.swift; sourceTree = "<group>"; };
		9367F3791F45F8C500985E97 /* ItemCardStore.swift */ = {isa = PBXFileReference; fileEncoding = 4; lastKnownFileType = sourcecode.swift; path = ItemCardStore.swift; sourceTree = "<group>"; };
		9367F37F1F48657E00985E97 /* OverlayView.xib */ = {isa = PBXFileReference; fileEncoding = 4; lastKnownFileType = file.xib; path = OverlayView.xib; sourceTree = "<group>"; };
		9367F3811F4865D300985E97 /* CustomOverlayView.swift */ = {isa = PBXFileReference; fileEncoding = 4; lastKnownFileType = sourcecode.swift; path = CustomOverlayView.swift; sourceTree = "<group>"; };
		9367F3881F48896B00985E97 /* CardView.swift */ = {isa = PBXFileReference; fileEncoding = 4; lastKnownFileType = sourcecode.swift; path = CardView.swift; sourceTree = "<group>"; };
		9367F38C1F509FA500985E97 /* CustomerItemCell.swift */ = {isa = PBXFileReference; fileEncoding = 4; lastKnownFileType = sourcecode.swift; path = CustomerItemCell.swift; sourceTree = "<group>"; };
		9367F38E1F50A04800985E97 /* CustomerUserGoodsTableViewController.swift */ = {isa = PBXFileReference; fileEncoding = 4; lastKnownFileType = sourcecode.swift; path = CustomerUserGoodsTableViewController.swift; sourceTree = "<group>"; };
		937DE7A61F609F0900AFED6C /* Shop.swift */ = {isa = PBXFileReference; fileEncoding = 4; lastKnownFileType = sourcecode.swift; path = Shop.swift; sourceTree = "<group>"; };
		937DE7A81F61BC7000AFED6C /* CustomerProfileViewController.swift */ = {isa = PBXFileReference; fileEncoding = 4; lastKnownFileType = sourcecode.swift; path = CustomerProfileViewController.swift; sourceTree = "<group>"; };
		937DE7AA1F6806D700AFED6C /* UIImageViewExtension.swift */ = {isa = PBXFileReference; fileEncoding = 4; lastKnownFileType = sourcecode.swift; path = UIImageViewExtension.swift; sourceTree = "<group>"; };
		937DE7AC1F68833800AFED6C /* CustomStorage.swift */ = {isa = PBXFileReference; fileEncoding = 4; lastKnownFileType = sourcecode.swift; path = CustomStorage.swift; sourceTree = "<group>"; };
		937DE7AE1F68837B00AFED6C /* CustomStorageDelegate.swift */ = {isa = PBXFileReference; fileEncoding = 4; lastKnownFileType = sourcecode.swift; path = CustomStorageDelegate.swift; sourceTree = "<group>"; };
		937DE7B21F688BEC00AFED6C /* Jsonable.swift */ = {isa = PBXFileReference; fileEncoding = 4; lastKnownFileType = sourcecode.swift; path = Jsonable.swift; sourceTree = "<group>"; };
		937DE7B41F688C1500AFED6C /* Comparable.swift */ = {isa = PBXFileReference; fileEncoding = 4; lastKnownFileType = sourcecode.swift; path = Comparable.swift; sourceTree = "<group>"; };
		93ADFBA01F31DB0900692060 /* User.swift */ = {isa = PBXFileReference; fileEncoding = 4; lastKnownFileType = sourcecode.swift; path = User.swift; sourceTree = "<group>"; };
		93ADFBA21F31DB1F00692060 /* SellerUser.swift */ = {isa = PBXFileReference; fileEncoding = 4; lastKnownFileType = sourcecode.swift; path = SellerUser.swift; sourceTree = "<group>"; };
		93ADFBA41F31DF0900692060 /* CustomerUser.swift */ = {isa = PBXFileReference; fileEncoding = 4; lastKnownFileType = sourcecode.swift; path = CustomerUser.swift; sourceTree = "<group>"; };
		93ADFBAD1F31ED3300692060 /* CustomResponse.swift */ = {isa = PBXFileReference; fileEncoding = 4; lastKnownFileType = sourcecode.swift; path = CustomResponse.swift; sourceTree = "<group>"; };
		93ADFBAF1F31FCF700692060 /* DataSource.swift */ = {isa = PBXFileReference; fileEncoding = 4; lastKnownFileType = sourcecode.swift; path = DataSource.swift; sourceTree = "<group>"; };
		93ADFBB11F31FF4F00692060 /* LogInViewContoller.swift */ = {isa = PBXFileReference; fileEncoding = 4; lastKnownFileType = sourcecode.swift; path = LogInViewContoller.swift; sourceTree = "<group>"; };
		93B068F21F289347001C995A /* marketplace_navigator.app */ = {isa = PBXFileReference; explicitFileType = wrapper.application; includeInIndex = 0; path = marketplace_navigator.app; sourceTree = BUILT_PRODUCTS_DIR; };
		93B068F51F289347001C995A /* AppDelegate.swift */ = {isa = PBXFileReference; lastKnownFileType = sourcecode.swift; path = AppDelegate.swift; sourceTree = "<group>"; };
		93B068FF1F289347001C995A /* Base */ = {isa = PBXFileReference; lastKnownFileType = file.storyboard; name = Base; path = Base.lproj/LaunchScreen.storyboard; sourceTree = "<group>"; };
		93B069011F289347001C995A /* Info.plist */ = {isa = PBXFileReference; lastKnownFileType = text.plist.xml; path = Info.plist; sourceTree = "<group>"; };
		93B0690F1F2B6695001C995A /* DataManager.swift */ = {isa = PBXFileReference; fileEncoding = 4; lastKnownFileType = sourcecode.swift; path = DataManager.swift; sourceTree = "<group>"; };
		93BA117F1F75C0A90001FD39 /* RoundedImageView.swift */ = {isa = PBXFileReference; fileEncoding = 4; lastKnownFileType = sourcecode.swift; path = RoundedImageView.swift; sourceTree = "<group>"; };
		93BA11831F79C3210001FD39 /* BallClipAnimation.swift */ = {isa = PBXFileReference; fileEncoding = 4; lastKnownFileType = sourcecode.swift; path = BallClipAnimation.swift; sourceTree = "<group>"; };
		93BA11851F79C45A0001FD39 /* AnimationView.swift */ = {isa = PBXFileReference; fileEncoding = 4; lastKnownFileType = sourcecode.swift; path = AnimationView.swift; sourceTree = "<group>"; };
		93BA11871F79C7600001FD39 /* LoadingHud.swift */ = {isa = PBXFileReference; fileEncoding = 4; lastKnownFileType = sourcecode.swift; path = LoadingHud.swift; sourceTree = "<group>"; };
		93BA118D1F79CCBB0001FD39 /* CardView.xib */ = {isa = PBXFileReference; fileEncoding = 4; lastKnownFileType = file.xib; path = CardView.xib; sourceTree = "<group>"; };
		93BA118F1F79CF3F0001FD39 /* CustomerInterface.storyboard */ = {isa = PBXFileReference; fileEncoding = 4; lastKnownFileType = file.storyboard; path = CustomerInterface.storyboard; sourceTree = "<group>"; };
		93CA25EB1F3B63D700D4B0B8 /* Item.swift */ = {isa = PBXFileReference; fileEncoding = 4; lastKnownFileType = sourcecode.swift; path = Item.swift; sourceTree = "<group>"; };
		93E22B5F1F8BF44D00865135 /* ModelEnums.swift */ = {isa = PBXFileReference; lastKnownFileType = sourcecode.swift; path = ModelEnums.swift; sourceTree = "<group>"; };
		93E22B611F8BF96C00865135 /* DataSourceControls.swift */ = {isa = PBXFileReference; lastKnownFileType = sourcecode.swift; path = DataSourceControls.swift; sourceTree = "<group>"; };
		93EC1A1E1F73296500D6C7D7 /* CustomerDetailInfoViewController.swift */ = {isa = PBXFileReference; fileEncoding = 4; lastKnownFileType = sourcecode.swift; path = CustomerDetailInfoViewController.swift; sourceTree = "<group>"; };
		93EC1A201F74288700D6C7D7 /* StringExtension.swift */ = {isa = PBXFileReference; fileEncoding = 4; lastKnownFileType = sourcecode.swift; path = StringExtension.swift; sourceTree = "<group>"; };
		93EC1A221F7485FD00D6C7D7 /* CustomTabBarController.swift */ = {isa = PBXFileReference; fileEncoding = 4; lastKnownFileType = sourcecode.swift; path = CustomTabBarController.swift; sourceTree = "<group>"; };
		93EC1A241F74864800D6C7D7 /* CustomTabBar.swift */ = {isa = PBXFileReference; fileEncoding = 4; lastKnownFileType = sourcecode.swift; path = CustomTabBar.swift; sourceTree = "<group>"; };
		93EC1A261F74866400D6C7D7 /* CustomTabBarItem.swift */ = {isa = PBXFileReference; fileEncoding = 4; lastKnownFileType = sourcecode.swift; path = CustomTabBarItem.swift; sourceTree = "<group>"; };
		93EC1A281F75512D00D6C7D7 /* UIViewControllerExtension.swift */ = {isa = PBXFileReference; fileEncoding = 4; lastKnownFileType = sourcecode.swift; path = UIViewControllerExtension.swift; sourceTree = "<group>"; };
		AD0DFAAAC12718ECD5854BA4 /* Pods-marketplace_navigator.release.xcconfig */ = {isa = PBXFileReference; includeInIndex = 1; lastKnownFileType = text.xcconfig; name = "Pods-marketplace_navigator.release.xcconfig"; path = "Pods/Target Support Files/Pods-marketplace_navigator/Pods-marketplace_navigator.release.xcconfig"; sourceTree = "<group>"; };
/* End PBXFileReference section */

/* Begin PBXFrameworksBuildPhase section */
		93B068EF1F289347001C995A /* Frameworks */ = {
			isa = PBXFrameworksBuildPhase;
			buildActionMask = 2147483647;
			files = (
				DA530D4C9C8585017D72EE69 /* Pods_marketplace_navigator.framework in Frameworks */,
			);
			runOnlyForDeploymentPostprocessing = 0;
		};
/* End PBXFrameworksBuildPhase section */

/* Begin PBXGroup section */
		6F5C90AA56D5CF255EADCB0F /* Frameworks */ = {
			isa = PBXGroup;
			children = (
				5F3B769725F15EE3AE4E5190 /* Pods_marketplace_navigator.framework */,
			);
			name = Frameworks;
			sourceTree = "<group>";
		};
		93625AA71F6B4A1700FB3323 /* Authorization */ = {
			isa = PBXGroup;
			children = (
				93ADFBB11F31FF4F00692060 /* LogInViewContoller.swift */,
				932120A71F34C48B00E8BE50 /* CreateCustomerViewController.swift */,
			);
			name = Authorization;
			sourceTree = "<group>";
		};
		9367F36F1F40D89200985E97 /* Data Manager */ = {
			isa = PBXGroup;
			children = (
				93B0690F1F2B6695001C995A /* DataManager.swift */,
			);
			name = "Data Manager";
			sourceTree = "<group>";
		};
		9367F3721F435FA200985E97 /* Customer */ = {
			isa = PBXGroup;
			children = (
				937DE7A81F61BC7000AFED6C /* CustomerProfileViewController.swift */,
				9367F3731F43621C00985E97 /* CustomerItemsChoosingViewController.swift */,
				9367F38E1F50A04800985E97 /* CustomerUserGoodsTableViewController.swift */,
				93EC1A1E1F73296500D6C7D7 /* CustomerDetailInfoViewController.swift */,
			);
			name = Customer;
			sourceTree = "<group>";
		};
		9367F3851F487B3B00985E97 /* View */ = {
			isa = PBXGroup;
			children = (
				93EC1A241F74864800D6C7D7 /* CustomTabBar.swift */,
				93EC1A261F74866400D6C7D7 /* CustomTabBarItem.swift */,
				93BA11831F79C3210001FD39 /* BallClipAnimation.swift */,
				93BA11851F79C45A0001FD39 /* AnimationView.swift */,
				93BA11871F79C7600001FD39 /* LoadingHud.swift */,
				9367F38C1F509FA500985E97 /* CustomerItemCell.swift */,
				9367F3881F48896B00985E97 /* CardView.swift */,
				9367F3811F4865D300985E97 /* CustomOverlayView.swift */,
			);
			name = View;
			sourceTree = "<group>";
		};
		93ADFBAC1F31EC2D00692060 /* Model */ = {
			isa = PBXGroup;
			children = (
				93ADFBAF1F31FCF700692060 /* DataSource.swift */,
				93E22B611F8BF96C00865135 /* DataSourceControls.swift */,
				93E22B5F1F8BF44D00865135 /* ModelEnums.swift */,
				93ADFBAD1F31ED3300692060 /* CustomResponse.swift */,
				93ADFBA01F31DB0900692060 /* User.swift */,
				93ADFBA21F31DB1F00692060 /* SellerUser.swift */,
				93ADFBA41F31DF0900692060 /* CustomerUser.swift */,
				937DE7A61F609F0900AFED6C /* Shop.swift */,
				93CA25EB1F3B63D700D4B0B8 /* Item.swift */,
				937DE7AC1F68833800AFED6C /* CustomStorage.swift */,
				937DE7AE1F68837B00AFED6C /* CustomStorageDelegate.swift */,
				9367F3771F45F79D00985E97 /* ItemCard.swift */,
				9367F3791F45F8C500985E97 /* ItemCardStore.swift */,
				9367F3701F4356CB00985E97 /* Location.swift */,
				937DE7B21F688BEC00AFED6C /* Jsonable.swift */,
				937DE7B41F688C1500AFED6C /* Comparable.swift */,
			);
			name = Model;
			sourceTree = "<group>";
		};
		93B068E91F289347001C995A = {
			isa = PBXGroup;
			children = (
				93B068F41F289347001C995A /* marketplace_navigator */,
				93B068F31F289347001C995A /* Products */,
				9A6081059B9236EFFC4100D1 /* Pods */,
				6F5C90AA56D5CF255EADCB0F /* Frameworks */,
			);
			sourceTree = "<group>";
		};
		93B068F31F289347001C995A /* Products */ = {
			isa = PBXGroup;
			children = (
				93B068F21F289347001C995A /* marketplace_navigator.app */,
			);
			name = Products;
			sourceTree = "<group>";
		};
		93B068F41F289347001C995A /* marketplace_navigator */ = {
			isa = PBXGroup;
			children = (
				93B068F51F289347001C995A /* AppDelegate.swift */,
				93BA11911F79D8EA0001FD39 /* Extensions */,
				9367F36F1F40D89200985E97 /* Data Manager */,
				93ADFBAC1F31EC2D00692060 /* Model */,
				93CA25E51F3B575500D4B0B8 /* Controller */,
				9367F3851F487B3B00985E97 /* View */,
				93BA118F1F79CF3F0001FD39 /* CustomerInterface.storyboard */,
				932120A11F34B5FE00E8BE50 /* Authorization.storyboard */,
				93B068FE1F289347001C995A /* LaunchScreen.storyboard */,
				9367F37F1F48657E00985E97 /* OverlayView.xib */,
				93BA118D1F79CCBB0001FD39 /* CardView.xib */,
				93625AAE1F704F6D00FB3323 /* Assets.xcassets */,
				93B069011F289347001C995A /* Info.plist */,
			);
			path = marketplace_navigator;
			sourceTree = "<group>";
		};
		93BA11911F79D8EA0001FD39 /* Extensions */ = {
			isa = PBXGroup;
			children = (
				9367F3751F44BB8300985E97 /* UIDeviceExtension.swift */,
				937DE7AA1F6806D700AFED6C /* UIImageViewExtension.swift */,
				93BA117F1F75C0A90001FD39 /* RoundedImageView.swift */,
				93625AA81F6F1AFB00FB3323 /* UIImageExtension.swift */,
				93625AAA1F6F1B0600FB3323 /* CGImageExtension.swift */,
				93625AB21F70641E00FB3323 /* UIViewExtension.swift */,
				93EC1A201F74288700D6C7D7 /* StringExtension.swift */,
				93EC1A281F75512D00D6C7D7 /* UIViewControllerExtension.swift */,
			);
			name = Extensions;
			sourceTree = "<group>";
		};
		93CA25E51F3B575500D4B0B8 /* Controller */ = {
			isa = PBXGroup;
			children = (
				93EC1A221F7485FD00D6C7D7 /* CustomTabBarController.swift */,
				93625AA71F6B4A1700FB3323 /* Authorization */,
				9367F3721F435FA200985E97 /* Customer */,
			);
			name = Controller;
			sourceTree = "<group>";
		};
		9A6081059B9236EFFC4100D1 /* Pods */ = {
			isa = PBXGroup;
			children = (
				00C18AC5E390CF7D16F8D703 /* Pods-marketplace_navigator.debug.xcconfig */,
				AD0DFAAAC12718ECD5854BA4 /* Pods-marketplace_navigator.release.xcconfig */,
			);
			name = Pods;
			sourceTree = "<group>";
		};
/* End PBXGroup section */

/* Begin PBXNativeTarget section */
		93B068F11F289347001C995A /* marketplace_navigator */ = {
			isa = PBXNativeTarget;
			buildConfigurationList = 93B069041F289347001C995A /* Build configuration list for PBXNativeTarget "marketplace_navigator" */;
			buildPhases = (
				91F7AB433707A9DD0AF6018B /* [CP] Check Pods Manifest.lock */,
				93B068EE1F289347001C995A /* Sources */,
				93B068EF1F289347001C995A /* Frameworks */,
				93B068F01F289347001C995A /* Resources */,
				1DA237D596D6795F032CC9B4 /* [CP] Embed Pods Frameworks */,
				2CE769A8DC88982040C1B0BB /* [CP] Copy Pods Resources */,
			);
			buildRules = (
			);
			dependencies = (
			);
			name = marketplace_navigator;
			productName = marketplace_navigator;
			productReference = 93B068F21F289347001C995A /* marketplace_navigator.app */;
			productType = "com.apple.product-type.application";
		};
/* End PBXNativeTarget section */

/* Begin PBXProject section */
		93B068EA1F289347001C995A /* Project object */ = {
			isa = PBXProject;
			attributes = {
				LastSwiftUpdateCheck = 0830;
				LastUpgradeCheck = 0900;
				ORGANIZATIONNAME = "Base team";
				TargetAttributes = {
					93B068F11F289347001C995A = {
						CreatedOnToolsVersion = 8.3.3;
						DevelopmentTeam = PEYKHN6GF6;
						LastSwiftMigration = 0900;
						ProvisioningStyle = Automatic;
					};
				};
			};
			buildConfigurationList = 93B068ED1F289347001C995A /* Build configuration list for PBXProject "marketplace_navigator" */;
			compatibilityVersion = "Xcode 3.2";
			developmentRegion = English;
			hasScannedForEncodings = 0;
			knownRegions = (
				en,
				Base,
			);
			mainGroup = 93B068E91F289347001C995A;
			productRefGroup = 93B068F31F289347001C995A /* Products */;
			projectDirPath = "";
			projectRoot = "";
			targets = (
				93B068F11F289347001C995A /* marketplace_navigator */,
			);
		};
/* End PBXProject section */

/* Begin PBXResourcesBuildPhase section */
		93B068F01F289347001C995A /* Resources */ = {
			isa = PBXResourcesBuildPhase;
			buildActionMask = 2147483647;
			files = (
				93BA11901F79CF3F0001FD39 /* CustomerInterface.storyboard in Resources */,
				932120A21F34B5FE00E8BE50 /* Authorization.storyboard in Resources */,
				93BA118E1F79CCBB0001FD39 /* CardView.xib in Resources */,
				9367F3801F48657E00985E97 /* OverlayView.xib in Resources */,
				93625AAF1F704F6D00FB3323 /* Assets.xcassets in Resources */,
				93B069001F289347001C995A /* LaunchScreen.storyboard in Resources */,
			);
			runOnlyForDeploymentPostprocessing = 0;
		};
/* End PBXResourcesBuildPhase section */

/* Begin PBXShellScriptBuildPhase section */
		1DA237D596D6795F032CC9B4 /* [CP] Embed Pods Frameworks */ = {
			isa = PBXShellScriptBuildPhase;
			buildActionMask = 2147483647;
			files = (
			);
			inputPaths = (
			);
			name = "[CP] Embed Pods Frameworks";
			outputPaths = (
			);
			runOnlyForDeploymentPostprocessing = 0;
			shellPath = /bin/sh;
			shellScript = "\"${SRCROOT}/Pods/Target Support Files/Pods-marketplace_navigator/Pods-marketplace_navigator-frameworks.sh\"\n";
			showEnvVarsInLog = 0;
		};
		2CE769A8DC88982040C1B0BB /* [CP] Copy Pods Resources */ = {
			isa = PBXShellScriptBuildPhase;
			buildActionMask = 2147483647;
			files = (
			);
			inputPaths = (
			);
			name = "[CP] Copy Pods Resources";
			outputPaths = (
			);
			runOnlyForDeploymentPostprocessing = 0;
			shellPath = /bin/sh;
			shellScript = "\"${SRCROOT}/Pods/Target Support Files/Pods-marketplace_navigator/Pods-marketplace_navigator-resources.sh\"\n";
			showEnvVarsInLog = 0;
		};
		91F7AB433707A9DD0AF6018B /* [CP] Check Pods Manifest.lock */ = {
			isa = PBXShellScriptBuildPhase;
			buildActionMask = 2147483647;
			files = (
			);
			inputPaths = (
			);
			name = "[CP] Check Pods Manifest.lock";
			outputPaths = (
			);
			runOnlyForDeploymentPostprocessing = 0;
			shellPath = /bin/sh;
			shellScript = "diff \"${PODS_PODFILE_DIR_PATH}/Podfile.lock\" \"${PODS_ROOT}/Manifest.lock\" > /dev/null\nif [ $? != 0 ] ; then\n    # print error to STDERR\n    echo \"error: The sandbox is not in sync with the Podfile.lock. Run 'pod install' or update your CocoaPods installation.\" >&2\n    exit 1\nfi\n";
			showEnvVarsInLog = 0;
		};
/* End PBXShellScriptBuildPhase section */

/* Begin PBXSourcesBuildPhase section */
		93B068EE1F289347001C995A /* Sources */ = {
			isa = PBXSourcesBuildPhase;
			buildActionMask = 2147483647;
			files = (
				9367F37A1F45F8C500985E97 /* ItemCardStore.swift in Sources */,
				937DE7B51F688C1500AFED6C /* Comparable.swift in Sources */,
				93EC1A251F74864800D6C7D7 /* CustomTabBar.swift in Sources */,
				937DE7AF1F68837B00AFED6C /* CustomStorageDelegate.swift in Sources */,
				932120A81F34C48B00E8BE50 /* CreateCustomerViewController.swift in Sources */,
				93625AB31F70641E00FB3323 /* UIViewExtension.swift in Sources */,
				93EC1A231F7485FD00D6C7D7 /* CustomTabBarController.swift in Sources */,
				93CA25EC1F3B63D700D4B0B8 /* Item.swift in Sources */,
				93BA11861F79C45A0001FD39 /* AnimationView.swift in Sources */,
				9367F3711F4356CB00985E97 /* Location.swift in Sources */,
				937DE7A91F61BC7000AFED6C /* CustomerProfileViewController.swift in Sources */,
				93E22B601F8BF44D00865135 /* ModelEnums.swift in Sources */,
				93EC1A291F75512D00D6C7D7 /* UIViewControllerExtension.swift in Sources */,
				9367F38D1F509FA500985E97 /* CustomerItemCell.swift in Sources */,
				93EC1A271F74866400D6C7D7 /* CustomTabBarItem.swift in Sources */,
				93625AAB1F6F1B0600FB3323 /* CGImageExtension.swift in Sources */,
				9367F3761F44BB8300985E97 /* UIDeviceExtension.swift in Sources */,
				93ADFBB21F31FF4F00692060 /* LogInViewContoller.swift in Sources */,
				937DE7A71F609F0900AFED6C /* Shop.swift in Sources */,
				9367F38F1F50A04800985E97 /* CustomerUserGoodsTableViewController.swift in Sources */,
				93ADFBA51F31DF0900692060 /* CustomerUser.swift in Sources */,
				93ADFBAE1F31ED3300692060 /* CustomResponse.swift in Sources */,
				937DE7AD1F68833800AFED6C /* CustomStorage.swift in Sources */,
				9367F3781F45F79D00985E97 /* ItemCard.swift in Sources */,
				93ADFBA11F31DB0900692060 /* User.swift in Sources */,
				93BA11881F79C7600001FD39 /* LoadingHud.swift in Sources */,
				9367F3891F48896B00985E97 /* CardView.swift in Sources */,
				937DE7AB1F6806D700AFED6C /* UIImageViewExtension.swift in Sources */,
				9367F3741F43621C00985E97 /* CustomerItemsChoosingViewController.swift in Sources */,
				937DE7B31F688BEC00AFED6C /* Jsonable.swift in Sources */,
				93B069101F2B6695001C995A /* DataManager.swift in Sources */,
				93EC1A1F1F73296500D6C7D7 /* CustomerDetailInfoViewController.swift in Sources */,
				93ADFBA31F31DB1F00692060 /* SellerUser.swift in Sources */,
				93625AA91F6F1AFB00FB3323 /* UIImageExtension.swift in Sources */,
				93BA11841F79C3210001FD39 /* BallClipAnimation.swift in Sources */,
				93ADFBB01F31FCF700692060 /* DataSource.swift in Sources */,
				93E22B621F8BF96C00865135 /* DataSourceControls.swift in Sources */,
				93BA11801F75C0A90001FD39 /* RoundedImageView.swift in Sources */,
				93EC1A211F74288700D6C7D7 /* StringExtension.swift in Sources */,
				93B068F61F289347001C995A /* AppDelegate.swift in Sources */,
				9367F3821F4865D300985E97 /* CustomOverlayView.swift in Sources */,
			);
			runOnlyForDeploymentPostprocessing = 0;
		};
/* End PBXSourcesBuildPhase section */

/* Begin PBXVariantGroup section */
		93B068FE1F289347001C995A /* LaunchScreen.storyboard */ = {
			isa = PBXVariantGroup;
			children = (
				93B068FF1F289347001C995A /* Base */,
			);
			name = LaunchScreen.storyboard;
			sourceTree = "<group>";
		};
/* End PBXVariantGroup section */

/* Begin XCBuildConfiguration section */
		93B069021F289347001C995A /* Debug */ = {
			isa = XCBuildConfiguration;
			buildSettings = {
				ALWAYS_SEARCH_USER_PATHS = NO;
				CLANG_ANALYZER_NONNULL = YES;
				CLANG_ANALYZER_NUMBER_OBJECT_CONVERSION = YES_AGGRESSIVE;
				CLANG_CXX_LANGUAGE_STANDARD = "gnu++0x";
				CLANG_CXX_LIBRARY = "libc++";
				CLANG_ENABLE_MODULES = YES;
				CLANG_ENABLE_OBJC_ARC = YES;
				CLANG_WARN_BLOCK_CAPTURE_AUTORELEASING = YES;
				CLANG_WARN_BOOL_CONVERSION = YES;
				CLANG_WARN_COMMA = YES;
				CLANG_WARN_CONSTANT_CONVERSION = YES;
				CLANG_WARN_DIRECT_OBJC_ISA_USAGE = YES_ERROR;
				CLANG_WARN_DOCUMENTATION_COMMENTS = YES;
				CLANG_WARN_EMPTY_BODY = YES;
				CLANG_WARN_ENUM_CONVERSION = YES;
				CLANG_WARN_INFINITE_RECURSION = YES;
				CLANG_WARN_INT_CONVERSION = YES;
				CLANG_WARN_NON_LITERAL_NULL_CONVERSION = YES;
				CLANG_WARN_OBJC_LITERAL_CONVERSION = YES;
				CLANG_WARN_OBJC_ROOT_CLASS = YES_ERROR;
				CLANG_WARN_RANGE_LOOP_ANALYSIS = YES;
				CLANG_WARN_STRICT_PROTOTYPES = YES;
				CLANG_WARN_SUSPICIOUS_MOVE = YES;
				CLANG_WARN_UNREACHABLE_CODE = YES;
				CLANG_WARN__DUPLICATE_METHOD_MATCH = YES;
				"CODE_SIGN_IDENTITY[sdk=iphoneos*]" = "iPhone Developer";
				COPY_PHASE_STRIP = NO;
				DEBUG_INFORMATION_FORMAT = dwarf;
				ENABLE_STRICT_OBJC_MSGSEND = YES;
				ENABLE_TESTABILITY = YES;
				GCC_C_LANGUAGE_STANDARD = gnu99;
				GCC_DYNAMIC_NO_PIC = NO;
				GCC_NO_COMMON_BLOCKS = YES;
				GCC_OPTIMIZATION_LEVEL = 0;
				GCC_PREPROCESSOR_DEFINITIONS = (
					"DEBUG=1",
					"$(inherited)",
				);
				GCC_WARN_64_TO_32_BIT_CONVERSION = YES;
				GCC_WARN_ABOUT_RETURN_TYPE = YES_ERROR;
				GCC_WARN_UNDECLARED_SELECTOR = YES;
				GCC_WARN_UNINITIALIZED_AUTOS = YES_AGGRESSIVE;
				GCC_WARN_UNUSED_FUNCTION = YES;
				GCC_WARN_UNUSED_VARIABLE = YES;
				IPHONEOS_DEPLOYMENT_TARGET = 10.3;
				MTL_ENABLE_DEBUG_INFO = YES;
				ONLY_ACTIVE_ARCH = YES;
				SDKROOT = iphoneos;
				SWIFT_ACTIVE_COMPILATION_CONDITIONS = DEBUG;
				SWIFT_OPTIMIZATION_LEVEL = "-Onone";
				TARGETED_DEVICE_FAMILY = "1,2";
			};
			name = Debug;
		};
		93B069031F289347001C995A /* Release */ = {
			isa = XCBuildConfiguration;
			buildSettings = {
				ALWAYS_SEARCH_USER_PATHS = NO;
				CLANG_ANALYZER_NONNULL = YES;
				CLANG_ANALYZER_NUMBER_OBJECT_CONVERSION = YES_AGGRESSIVE;
				CLANG_CXX_LANGUAGE_STANDARD = "gnu++0x";
				CLANG_CXX_LIBRARY = "libc++";
				CLANG_ENABLE_MODULES = YES;
				CLANG_ENABLE_OBJC_ARC = YES;
				CLANG_WARN_BLOCK_CAPTURE_AUTORELEASING = YES;
				CLANG_WARN_BOOL_CONVERSION = YES;
				CLANG_WARN_COMMA = YES;
				CLANG_WARN_CONSTANT_CONVERSION = YES;
				CLANG_WARN_DIRECT_OBJC_ISA_USAGE = YES_ERROR;
				CLANG_WARN_DOCUMENTATION_COMMENTS = YES;
				CLANG_WARN_EMPTY_BODY = YES;
				CLANG_WARN_ENUM_CONVERSION = YES;
				CLANG_WARN_INFINITE_RECURSION = YES;
				CLANG_WARN_INT_CONVERSION = YES;
				CLANG_WARN_NON_LITERAL_NULL_CONVERSION = YES;
				CLANG_WARN_OBJC_LITERAL_CONVERSION = YES;
				CLANG_WARN_OBJC_ROOT_CLASS = YES_ERROR;
				CLANG_WARN_RANGE_LOOP_ANALYSIS = YES;
				CLANG_WARN_STRICT_PROTOTYPES = YES;
				CLANG_WARN_SUSPICIOUS_MOVE = YES;
				CLANG_WARN_UNREACHABLE_CODE = YES;
				CLANG_WARN__DUPLICATE_METHOD_MATCH = YES;
				"CODE_SIGN_IDENTITY[sdk=iphoneos*]" = "iPhone Developer";
				COPY_PHASE_STRIP = NO;
				DEBUG_INFORMATION_FORMAT = "dwarf-with-dsym";
				ENABLE_NS_ASSERTIONS = NO;
				ENABLE_STRICT_OBJC_MSGSEND = YES;
				GCC_C_LANGUAGE_STANDARD = gnu99;
				GCC_NO_COMMON_BLOCKS = YES;
				GCC_WARN_64_TO_32_BIT_CONVERSION = YES;
				GCC_WARN_ABOUT_RETURN_TYPE = YES_ERROR;
				GCC_WARN_UNDECLARED_SELECTOR = YES;
				GCC_WARN_UNINITIALIZED_AUTOS = YES_AGGRESSIVE;
				GCC_WARN_UNUSED_FUNCTION = YES;
				GCC_WARN_UNUSED_VARIABLE = YES;
				IPHONEOS_DEPLOYMENT_TARGET = 10.3;
				MTL_ENABLE_DEBUG_INFO = NO;
				SDKROOT = iphoneos;
				SWIFT_OPTIMIZATION_LEVEL = "-Owholemodule";
				TARGETED_DEVICE_FAMILY = "1,2";
				VALIDATE_PRODUCT = YES;
			};
			name = Release;
		};
		93B069051F289347001C995A /* Debug */ = {
			isa = XCBuildConfiguration;
			baseConfigurationReference = 00C18AC5E390CF7D16F8D703 /* Pods-marketplace_navigator.debug.xcconfig */;
			buildSettings = {
				ASSETCATALOG_COMPILER_APPICON_NAME = AppIcon;
				DEVELOPMENT_TEAM = PEYKHN6GF6;
				INFOPLIST_FILE = marketplace_navigator/Info.plist;
				LD_RUNPATH_SEARCH_PATHS = "$(inherited) @executable_path/Frameworks";
				PRODUCT_BUNDLE_IDENTIFIER = "com.baseteam.marketplace-navigator";
				PRODUCT_NAME = "$(TARGET_NAME)";
				SWIFT_SWIFT3_OBJC_INFERENCE = On;
				SWIFT_VERSION = 4.0;
			};
			name = Debug;
		};
		93B069061F289347001C995A /* Release */ = {
			isa = XCBuildConfiguration;
			baseConfigurationReference = AD0DFAAAC12718ECD5854BA4 /* Pods-marketplace_navigator.release.xcconfig */;
			buildSettings = {
				ASSETCATALOG_COMPILER_APPICON_NAME = AppIcon;
				DEVELOPMENT_TEAM = PEYKHN6GF6;
				INFOPLIST_FILE = marketplace_navigator/Info.plist;
				LD_RUNPATH_SEARCH_PATHS = "$(inherited) @executable_path/Frameworks";
				PRODUCT_BUNDLE_IDENTIFIER = "com.baseteam.marketplace-navigator";
				PRODUCT_NAME = "$(TARGET_NAME)";
				SWIFT_SWIFT3_OBJC_INFERENCE = On;
				SWIFT_VERSION = 4.0;
			};
			name = Release;
		};
/* End XCBuildConfiguration section */

/* Begin XCConfigurationList section */
		93B068ED1F289347001C995A /* Build configuration list for PBXProject "marketplace_navigator" */ = {
			isa = XCConfigurationList;
			buildConfigurations = (
				93B069021F289347001C995A /* Debug */,
				93B069031F289347001C995A /* Release */,
			);
			defaultConfigurationIsVisible = 0;
			defaultConfigurationName = Release;
		};
		93B069041F289347001C995A /* Build configuration list for PBXNativeTarget "marketplace_navigator" */ = {
			isa = XCConfigurationList;
			buildConfigurations = (
				93B069051F289347001C995A /* Debug */,
				93B069061F289347001C995A /* Release */,
			);
			defaultConfigurationIsVisible = 0;
			defaultConfigurationName = Release;
		};
/* End XCConfigurationList section */
	};
	rootObject = 93B068EA1F289347001C995A /* Project object */;
}
